
Microsoft Visual Studio Solution File, Format Version 12.00
# Visual Studio Version 17
VisualStudioVersion = 17.14.36518.9 d17.14
MinimumVisualStudioVersion = 10.0.40219.1
Project("{FAE04EC0-301F-11D3-BF4B-00C04F79EFBC}") = "Huy Hoang_Midterm_Game", "Huy Hoang_Midterm_Game\Huy Hoang_Midterm_Game.csproj", "{0B53349A-DDA9-4790-B869-AEF6DE0C4B18}"
EndProject
Global
	GlobalSection(SolutionConfigurationPlatforms) = preSolution
		Debug|Any CPU = Debug|Any CPU
		Release|Any CPU = Release|Any CPU
	EndGlobalSection
	GlobalSection(ProjectConfigurationPlatforms) = postSolution
		{0B53349A-DDA9-4790-B869-AEF6DE0C4B18}.Debug|Any CPU.ActiveCfg = Debug|Any CPU
		{0B53349A-DDA9-4790-B869-AEF6DE0C4B18}.Debug|Any CPU.Build.0 = Debug|Any CPU
		{0B53349A-DDA9-4790-B869-AEF6DE0C4B18}.Release|Any CPU.ActiveCfg = Release|Any CPU
		{0B53349A-DDA9-4790-B869-AEF6DE0C4B18}.Release|Any CPU.Build.0 = Release|Any CPU
	EndGlobalSection
	GlobalSection(SolutionProperties) = preSolution
		HideSolutionNode = FALSE
	EndGlobalSection
	GlobalSection(ExtensibilityGlobals) = postSolution
		SolutionGuid = {1302BA85-3D46-4135-980D-5C0B92043335}
	EndGlobalSection
EndGlobal
